
Microsoft Visual Studio Solution File, Format Version 12.00
# Visual Studio 15
VisualStudioVersion = 15.0.27428.2043
MinimumVisualStudioVersion = 10.0.40219.1
Project("{FAE04EC0-301F-11D3-BF4B-00C04F79EFBC}") = "DistionaryPractice", "DistionaryPractice\DistionaryPractice.csproj", "{6E54C682-236E-4E08-B2C8-5DAAC7CA111C}"
EndProject
Global
	GlobalSection(SolutionConfigurationPlatforms) = preSolution
		Debug|Any CPU = Debug|Any CPU
		Release|Any CPU = Release|Any CPU
	EndGlobalSection
	GlobalSection(ProjectConfigurationPlatforms) = postSolution
		{6E54C682-236E-4E08-B2C8-5DAAC7CA111C}.Debug|Any CPU.ActiveCfg = Debug|Any CPU
		{6E54C682-236E-4E08-B2C8-5DAAC7CA111C}.Debug|Any CPU.Build.0 = Debug|Any CPU
		{6E54C682-236E-4E08-B2C8-5DAAC7CA111C}.Release|Any CPU.ActiveCfg = Release|Any CPU
		{6E54C682-236E-4E08-B2C8-5DAAC7CA111C}.Release|Any CPU.Build.0 = Release|Any CPU
	EndGlobalSection
	GlobalSection(SolutionProperties) = preSolution
		HideSolutionNode = FALSE
	EndGlobalSection
	GlobalSection(ExtensibilityGlobals) = postSolution
		SolutionGuid = {2CE75D4E-5541-4807-AEC2-EB0A1082E8BE}
	EndGlobalSection
EndGlobal
