
Microsoft Visual Studio Solution File, Format Version 12.00
# Visual Studio 15
VisualStudioVersion = 15.0.27428.2043
MinimumVisualStudioVersion = 10.0.40219.1
Project("{FAE04EC0-301F-11D3-BF4B-00C04F79EFBC}") = "AccessModifiersPractice", "AccessModifiersPractice\AccessModifiersPractice.csproj", "{62A0ADAA-DD80-4BF8-B1D5-DE5CD7E6E874}"
EndProject
Project("{FAE04EC0-301F-11D3-BF4B-00C04F79EFBC}") = "AssemblyOne", "AssemblyOne\AssemblyOne.csproj", "{D3B5E6F1-76A8-472C-8BDA-1C4A8EE61E56}"
EndProject
Project("{FAE04EC0-301F-11D3-BF4B-00C04F79EFBC}") = "AssemblyTwo", "AssemblyTwo\AssemblyTwo.csproj", "{B0120756-B73C-456D-952D-5CB5B1DD0D60}"
EndProject
Global
	GlobalSection(SolutionConfigurationPlatforms) = preSolution
		Debug|Any CPU = Debug|Any CPU
		Release|Any CPU = Release|Any CPU
	EndGlobalSection
	GlobalSection(ProjectConfigurationPlatforms) = postSolution
		{62A0ADAA-DD80-4BF8-B1D5-DE5CD7E6E874}.Debug|Any CPU.ActiveCfg = Debug|Any CPU
		{62A0ADAA-DD80-4BF8-B1D5-DE5CD7E6E874}.Debug|Any CPU.Build.0 = Debug|Any CPU
		{62A0ADAA-DD80-4BF8-B1D5-DE5CD7E6E874}.Release|Any CPU.ActiveCfg = Release|Any CPU
		{62A0ADAA-DD80-4BF8-B1D5-DE5CD7E6E874}.Release|Any CPU.Build.0 = Release|Any CPU
		{D3B5E6F1-76A8-472C-8BDA-1C4A8EE61E56}.Debug|Any CPU.ActiveCfg = Debug|Any CPU
		{D3B5E6F1-76A8-472C-8BDA-1C4A8EE61E56}.Debug|Any CPU.Build.0 = Debug|Any CPU
		{D3B5E6F1-76A8-472C-8BDA-1C4A8EE61E56}.Release|Any CPU.ActiveCfg = Release|Any CPU
		{D3B5E6F1-76A8-472C-8BDA-1C4A8EE61E56}.Release|Any CPU.Build.0 = Release|Any CPU
		{B0120756-B73C-456D-952D-5CB5B1DD0D60}.Debug|Any CPU.ActiveCfg = Debug|Any CPU
		{B0120756-B73C-456D-952D-5CB5B1DD0D60}.Debug|Any CPU.Build.0 = Debug|Any CPU
		{B0120756-B73C-456D-952D-5CB5B1DD0D60}.Release|Any CPU.ActiveCfg = Release|Any CPU
		{B0120756-B73C-456D-952D-5CB5B1DD0D60}.Release|Any CPU.Build.0 = Release|Any CPU
	EndGlobalSection
	GlobalSection(SolutionProperties) = preSolution
		HideSolutionNode = FALSE
	EndGlobalSection
	GlobalSection(ExtensibilityGlobals) = postSolution
		SolutionGuid = {9B065AA6-F3C2-49FE-B4D7-B0E0B98D2A71}
	EndGlobalSection
EndGlobal
