
Microsoft Visual Studio Solution File, Format Version 12.00
# Visual Studio 15
VisualStudioVersion = 15.0.27004.2005
MinimumVisualStudioVersion = 10.0.40219.1
Project("{FAE04EC0-301F-11D3-BF4B-00C04F79EFBC}") = "Auction", "Auction\Auction.csproj", "{2D88DEA4-5095-49FB-8365-46F75D29EB8D}"
EndProject
Global
	GlobalSection(SolutionConfigurationPlatforms) = preSolution
		Debug|Any CPU = Debug|Any CPU
		Release|Any CPU = Release|Any CPU
	EndGlobalSection
	GlobalSection(ProjectConfigurationPlatforms) = postSolution
		{2D88DEA4-5095-49FB-8365-46F75D29EB8D}.Debug|Any CPU.ActiveCfg = Debug|Any CPU
		{2D88DEA4-5095-49FB-8365-46F75D29EB8D}.Debug|Any CPU.Build.0 = Debug|Any CPU
		{2D88DEA4-5095-49FB-8365-46F75D29EB8D}.Release|Any CPU.ActiveCfg = Release|Any CPU
		{2D88DEA4-5095-49FB-8365-46F75D29EB8D}.Release|Any CPU.Build.0 = Release|Any CPU
	EndGlobalSection
	GlobalSection(SolutionProperties) = preSolution
		HideSolutionNode = FALSE
	EndGlobalSection
	GlobalSection(ExtensibilityGlobals) = postSolution
		SolutionGuid = {F315A1A9-7407-4544-A34D-79CBB478E213}
	EndGlobalSection
EndGlobal
