
Microsoft Visual Studio Solution File, Format Version 12.00
# Visual Studio 15
VisualStudioVersion = 15.0.27004.2005
MinimumVisualStudioVersion = 10.0.40219.1
Project("{FAE04EC0-301F-11D3-BF4B-00C04F79EFBC}") = "webapplication", "webapplication\webapplication.csproj", "{DDCFDBAC-B7CA-4E93-8DC0-DAAB5916F7EB}"
EndProject
Global
	GlobalSection(SolutionConfigurationPlatforms) = preSolution
		Debug|Any CPU = Debug|Any CPU
		Release|Any CPU = Release|Any CPU
	EndGlobalSection
	GlobalSection(ProjectConfigurationPlatforms) = postSolution
		{DDCFDBAC-B7CA-4E93-8DC0-DAAB5916F7EB}.Debug|Any CPU.ActiveCfg = Debug|Any CPU
		{DDCFDBAC-B7CA-4E93-8DC0-DAAB5916F7EB}.Debug|Any CPU.Build.0 = Debug|Any CPU
		{DDCFDBAC-B7CA-4E93-8DC0-DAAB5916F7EB}.Release|Any CPU.ActiveCfg = Release|Any CPU
		{DDCFDBAC-B7CA-4E93-8DC0-DAAB5916F7EB}.Release|Any CPU.Build.0 = Release|Any CPU
	EndGlobalSection
	GlobalSection(SolutionProperties) = preSolution
		HideSolutionNode = FALSE
	EndGlobalSection
	GlobalSection(ExtensibilityGlobals) = postSolution
		SolutionGuid = {9F3A0E0E-CCB5-4FC3-8B55-EBD2AE01ABEA}
	EndGlobalSection
EndGlobal
