
Microsoft Visual Studio Solution File, Format Version 12.00
# Visual Studio 15
VisualStudioVersion = 15.0.27004.2005
MinimumVisualStudioVersion = 10.0.40219.1
Project("{FAE04EC0-301F-11D3-BF4B-00C04F79EFBC}") = "WebApplication4", "WebApplication4\WebApplication4.csproj", "{12B4D7CF-9E4F-4CFD-A7A6-151769462BFD}"
EndProject
Global
	GlobalSection(SolutionConfigurationPlatforms) = preSolution
		Debug|Any CPU = Debug|Any CPU
		Release|Any CPU = Release|Any CPU
	EndGlobalSection
	GlobalSection(ProjectConfigurationPlatforms) = postSolution
		{12B4D7CF-9E4F-4CFD-A7A6-151769462BFD}.Debug|Any CPU.ActiveCfg = Debug|Any CPU
		{12B4D7CF-9E4F-4CFD-A7A6-151769462BFD}.Debug|Any CPU.Build.0 = Debug|Any CPU
		{12B4D7CF-9E4F-4CFD-A7A6-151769462BFD}.Release|Any CPU.ActiveCfg = Release|Any CPU
		{12B4D7CF-9E4F-4CFD-A7A6-151769462BFD}.Release|Any CPU.Build.0 = Release|Any CPU
	EndGlobalSection
	GlobalSection(SolutionProperties) = preSolution
		HideSolutionNode = FALSE
	EndGlobalSection
	GlobalSection(ExtensibilityGlobals) = postSolution
		SolutionGuid = {27771C3A-C078-4FF6-9E61-068FC0329061}
	EndGlobalSection
EndGlobal
