
Microsoft Visual Studio Solution File, Format Version 12.00
# Visual Studio 15
VisualStudioVersion = 15.0.27703.2026
MinimumVisualStudioVersion = 10.0.40219.1
Project("{FAE04EC0-301F-11D3-BF4B-00C04F79EFBC}") = "practice 1", "practice 1\practice 1.csproj", "{DD8E566F-9156-458F-897E-68C610EE8D2A}"
EndProject
Project("{FAE04EC0-301F-11D3-BF4B-00C04F79EFBC}") = "DatabaseLink", "DatabaseLink\DatabaseLink.csproj", "{B49661DD-1586-4CC6-8DEF-1E05113F7D3F}"
EndProject
Project("{FAE04EC0-301F-11D3-BF4B-00C04F79EFBC}") = "XMLLink", "XMLLink\XMLLink.csproj", "{091C9321-17CC-4626-A13E-1633CDAD7DBB}"
EndProject
Project("{FAE04EC0-301F-11D3-BF4B-00C04F79EFBC}") = "WebAPI1", "WebAPI1\WebAPI1.csproj", "{125E05CE-CF5C-4418-8DF7-F30B60FC22B1}"
EndProject
Global
	GlobalSection(SolutionConfigurationPlatforms) = preSolution
		Debug|Any CPU = Debug|Any CPU
		Release|Any CPU = Release|Any CPU
	EndGlobalSection
	GlobalSection(ProjectConfigurationPlatforms) = postSolution
		{DD8E566F-9156-458F-897E-68C610EE8D2A}.Debug|Any CPU.ActiveCfg = Debug|Any CPU
		{DD8E566F-9156-458F-897E-68C610EE8D2A}.Debug|Any CPU.Build.0 = Debug|Any CPU
		{DD8E566F-9156-458F-897E-68C610EE8D2A}.Release|Any CPU.ActiveCfg = Release|Any CPU
		{DD8E566F-9156-458F-897E-68C610EE8D2A}.Release|Any CPU.Build.0 = Release|Any CPU
		{B49661DD-1586-4CC6-8DEF-1E05113F7D3F}.Debug|Any CPU.ActiveCfg = Debug|Any CPU
		{B49661DD-1586-4CC6-8DEF-1E05113F7D3F}.Debug|Any CPU.Build.0 = Debug|Any CPU
		{B49661DD-1586-4CC6-8DEF-1E05113F7D3F}.Release|Any CPU.ActiveCfg = Release|Any CPU
		{B49661DD-1586-4CC6-8DEF-1E05113F7D3F}.Release|Any CPU.Build.0 = Release|Any CPU
		{091C9321-17CC-4626-A13E-1633CDAD7DBB}.Debug|Any CPU.ActiveCfg = Debug|Any CPU
		{091C9321-17CC-4626-A13E-1633CDAD7DBB}.Debug|Any CPU.Build.0 = Debug|Any CPU
		{091C9321-17CC-4626-A13E-1633CDAD7DBB}.Release|Any CPU.ActiveCfg = Release|Any CPU
		{091C9321-17CC-4626-A13E-1633CDAD7DBB}.Release|Any CPU.Build.0 = Release|Any CPU
		{125E05CE-CF5C-4418-8DF7-F30B60FC22B1}.Debug|Any CPU.ActiveCfg = Debug|Any CPU
		{125E05CE-CF5C-4418-8DF7-F30B60FC22B1}.Debug|Any CPU.Build.0 = Debug|Any CPU
		{125E05CE-CF5C-4418-8DF7-F30B60FC22B1}.Release|Any CPU.ActiveCfg = Release|Any CPU
		{125E05CE-CF5C-4418-8DF7-F30B60FC22B1}.Release|Any CPU.Build.0 = Release|Any CPU
	EndGlobalSection
	GlobalSection(SolutionProperties) = preSolution
		HideSolutionNode = FALSE
	EndGlobalSection
	GlobalSection(ExtensibilityGlobals) = postSolution
		SolutionGuid = {72A159AF-B87B-44A0-B954-78D93576F67F}
	EndGlobalSection
EndGlobal
