
Microsoft Visual Studio Solution File, Format Version 12.00
# Visual Studio 15
VisualStudioVersion = 15.0.27703.2026
MinimumVisualStudioVersion = 10.0.40219.1
Project("{FAE04EC0-301F-11D3-BF4B-00C04F79EFBC}") = "ClassInAnotherAss", "ClassInAnotherAss\ClassInAnotherAss.csproj", "{984CF83F-EAF9-42E2-ADF2-6F29E7C25FA9}"
EndProject
Global
	GlobalSection(SolutionConfigurationPlatforms) = preSolution
		Debug|Any CPU = Debug|Any CPU
		Release|Any CPU = Release|Any CPU
	EndGlobalSection
	GlobalSection(ProjectConfigurationPlatforms) = postSolution
		{984CF83F-EAF9-42E2-ADF2-6F29E7C25FA9}.Debug|Any CPU.ActiveCfg = Debug|Any CPU
		{984CF83F-EAF9-42E2-ADF2-6F29E7C25FA9}.Debug|Any CPU.Build.0 = Debug|Any CPU
		{984CF83F-EAF9-42E2-ADF2-6F29E7C25FA9}.Release|Any CPU.ActiveCfg = Release|Any CPU
		{984CF83F-EAF9-42E2-ADF2-6F29E7C25FA9}.Release|Any CPU.Build.0 = Release|Any CPU
	EndGlobalSection
	GlobalSection(SolutionProperties) = preSolution
		HideSolutionNode = FALSE
	EndGlobalSection
	GlobalSection(ExtensibilityGlobals) = postSolution
		SolutionGuid = {D9CB248A-0A08-44E2-B875-19EAA4B3F457}
	EndGlobalSection
EndGlobal
