
Microsoft Visual Studio Solution File, Format Version 12.00
# Visual Studio 15
VisualStudioVersion = 15.0.27428.2043
MinimumVisualStudioVersion = 10.0.40219.1
Project("{FAE04EC0-301F-11D3-BF4B-00C04F79EFBC}") = "AttributePractice", "AttributePractice\AttributePractice.csproj", "{B39984AC-C919-4345-8351-A14C8F74C2A9}"
EndProject
Global
	GlobalSection(SolutionConfigurationPlatforms) = preSolution
		Debug|Any CPU = Debug|Any CPU
		Release|Any CPU = Release|Any CPU
	EndGlobalSection
	GlobalSection(ProjectConfigurationPlatforms) = postSolution
		{B39984AC-C919-4345-8351-A14C8F74C2A9}.Debug|Any CPU.ActiveCfg = Debug|Any CPU
		{B39984AC-C919-4345-8351-A14C8F74C2A9}.Debug|Any CPU.Build.0 = Debug|Any CPU
		{B39984AC-C919-4345-8351-A14C8F74C2A9}.Release|Any CPU.ActiveCfg = Release|Any CPU
		{B39984AC-C919-4345-8351-A14C8F74C2A9}.Release|Any CPU.Build.0 = Release|Any CPU
	EndGlobalSection
	GlobalSection(SolutionProperties) = preSolution
		HideSolutionNode = FALSE
	EndGlobalSection
	GlobalSection(ExtensibilityGlobals) = postSolution
		SolutionGuid = {010263A9-E0C3-43F5-8A00-34868E1D1866}
	EndGlobalSection
EndGlobal
