
Microsoft Visual Studio Solution File, Format Version 12.00
# Visual Studio 15
VisualStudioVersion = 15.0.27703.2026
MinimumVisualStudioVersion = 10.0.40219.1
Project("{FAE04EC0-301F-11D3-BF4B-00C04F79EFBC}") = "CountWholeSquare", "CountWholeSquare\CountWholeSquare.csproj", "{5D264AE3-3313-4183-8223-8793FCCB987C}"
EndProject
Project("{FAE04EC0-301F-11D3-BF4B-00C04F79EFBC}") = "Calculation", "Calculation\Calculation.csproj", "{F32D2BD9-D387-4295-A3FF-E272E2C8B008}"
EndProject
Global
	GlobalSection(SolutionConfigurationPlatforms) = preSolution
		Debug|Any CPU = Debug|Any CPU
		Release|Any CPU = Release|Any CPU
	EndGlobalSection
	GlobalSection(ProjectConfigurationPlatforms) = postSolution
		{5D264AE3-3313-4183-8223-8793FCCB987C}.Debug|Any CPU.ActiveCfg = Debug|Any CPU
		{5D264AE3-3313-4183-8223-8793FCCB987C}.Debug|Any CPU.Build.0 = Debug|Any CPU
		{5D264AE3-3313-4183-8223-8793FCCB987C}.Release|Any CPU.ActiveCfg = Release|Any CPU
		{5D264AE3-3313-4183-8223-8793FCCB987C}.Release|Any CPU.Build.0 = Release|Any CPU
		{F32D2BD9-D387-4295-A3FF-E272E2C8B008}.Debug|Any CPU.ActiveCfg = Debug|Any CPU
		{F32D2BD9-D387-4295-A3FF-E272E2C8B008}.Debug|Any CPU.Build.0 = Debug|Any CPU
		{F32D2BD9-D387-4295-A3FF-E272E2C8B008}.Release|Any CPU.ActiveCfg = Release|Any CPU
		{F32D2BD9-D387-4295-A3FF-E272E2C8B008}.Release|Any CPU.Build.0 = Release|Any CPU
	EndGlobalSection
	GlobalSection(SolutionProperties) = preSolution
		HideSolutionNode = FALSE
	EndGlobalSection
	GlobalSection(ExtensibilityGlobals) = postSolution
		SolutionGuid = {B52222DA-CB74-4A09-BE6E-BFFD013B2988}
	EndGlobalSection
EndGlobal
