
Microsoft Visual Studio Solution File, Format Version 12.00
# Visual Studio 15
VisualStudioVersion = 15.0.27703.2047
MinimumVisualStudioVersion = 10.0.40219.1
Project("{FAE04EC0-301F-11D3-BF4B-00C04F79EFBC}") = "Mvc4Application", "Mvc4Application\Mvc4Application.csproj", "{EFEC6A18-CC8E-45C3-A79C-EE7BEF837DF1}"
EndProject
Project("{FAE04EC0-301F-11D3-BF4B-00C04F79EFBC}") = "Mvc4App", "Mvc4App\Mvc4App.csproj", "{2F5E7C69-2249-4EF4-9C3A-AFB79F19E611}"
EndProject
Project("{FAE04EC0-301F-11D3-BF4B-00C04F79EFBC}") = "Channellibrary", "Channellibrary\Channellibrary.csproj", "{CFA39E27-4951-491A-8D0F-9BBBA6985610}"
EndProject
Project("{FAE04EC0-301F-11D3-BF4B-00C04F79EFBC}") = "AngularjsProject", "AngularjsProject\AngularjsProject.csproj", "{D165074E-37E1-436D-99A7-9C845C15FF03}"
EndProject
Project("{FAE04EC0-301F-11D3-BF4B-00C04F79EFBC}") = "WebAPI", "WebAPI\WebAPI.csproj", "{814A6092-EAEC-4FF3-B70C-F466474C9139}"
EndProject
Global
	GlobalSection(SolutionConfigurationPlatforms) = preSolution
		Debug|Any CPU = Debug|Any CPU
		Release|Any CPU = Release|Any CPU
	EndGlobalSection
	GlobalSection(ProjectConfigurationPlatforms) = postSolution
		{EFEC6A18-CC8E-45C3-A79C-EE7BEF837DF1}.Debug|Any CPU.ActiveCfg = Debug|Any CPU
		{EFEC6A18-CC8E-45C3-A79C-EE7BEF837DF1}.Debug|Any CPU.Build.0 = Debug|Any CPU
		{EFEC6A18-CC8E-45C3-A79C-EE7BEF837DF1}.Release|Any CPU.ActiveCfg = Release|Any CPU
		{EFEC6A18-CC8E-45C3-A79C-EE7BEF837DF1}.Release|Any CPU.Build.0 = Release|Any CPU
		{2F5E7C69-2249-4EF4-9C3A-AFB79F19E611}.Debug|Any CPU.ActiveCfg = Debug|Any CPU
		{2F5E7C69-2249-4EF4-9C3A-AFB79F19E611}.Debug|Any CPU.Build.0 = Debug|Any CPU
		{2F5E7C69-2249-4EF4-9C3A-AFB79F19E611}.Release|Any CPU.ActiveCfg = Release|Any CPU
		{2F5E7C69-2249-4EF4-9C3A-AFB79F19E611}.Release|Any CPU.Build.0 = Release|Any CPU
		{CFA39E27-4951-491A-8D0F-9BBBA6985610}.Debug|Any CPU.ActiveCfg = Debug|Any CPU
		{CFA39E27-4951-491A-8D0F-9BBBA6985610}.Debug|Any CPU.Build.0 = Debug|Any CPU
		{CFA39E27-4951-491A-8D0F-9BBBA6985610}.Release|Any CPU.ActiveCfg = Release|Any CPU
		{CFA39E27-4951-491A-8D0F-9BBBA6985610}.Release|Any CPU.Build.0 = Release|Any CPU
		{D165074E-37E1-436D-99A7-9C845C15FF03}.Debug|Any CPU.ActiveCfg = Debug|Any CPU
		{D165074E-37E1-436D-99A7-9C845C15FF03}.Debug|Any CPU.Build.0 = Debug|Any CPU
		{D165074E-37E1-436D-99A7-9C845C15FF03}.Release|Any CPU.ActiveCfg = Release|Any CPU
		{D165074E-37E1-436D-99A7-9C845C15FF03}.Release|Any CPU.Build.0 = Release|Any CPU
		{814A6092-EAEC-4FF3-B70C-F466474C9139}.Debug|Any CPU.ActiveCfg = Debug|Any CPU
		{814A6092-EAEC-4FF3-B70C-F466474C9139}.Debug|Any CPU.Build.0 = Debug|Any CPU
		{814A6092-EAEC-4FF3-B70C-F466474C9139}.Release|Any CPU.ActiveCfg = Release|Any CPU
		{814A6092-EAEC-4FF3-B70C-F466474C9139}.Release|Any CPU.Build.0 = Release|Any CPU
	EndGlobalSection
	GlobalSection(SolutionProperties) = preSolution
		HideSolutionNode = FALSE
	EndGlobalSection
	GlobalSection(ExtensibilityGlobals) = postSolution
		SolutionGuid = {A9820A98-121B-430B-A94B-3CA6CFAB9BD7}
	EndGlobalSection
EndGlobal
