
Microsoft Visual Studio Solution File, Format Version 12.00
# Visual Studio 15
VisualStudioVersion = 15.0.27703.2026
MinimumVisualStudioVersion = 10.0.40219.1
Project("{FAE04EC0-301F-11D3-BF4B-00C04F79EFBC}") = "InterfaceInherite", "InterfaceInherite\InterfaceInherite.csproj", "{DBB0E530-1B82-4532-98D2-19ABE7057E46}"
EndProject
Global
	GlobalSection(SolutionConfigurationPlatforms) = preSolution
		Debug|Any CPU = Debug|Any CPU
		Release|Any CPU = Release|Any CPU
	EndGlobalSection
	GlobalSection(ProjectConfigurationPlatforms) = postSolution
		{DBB0E530-1B82-4532-98D2-19ABE7057E46}.Debug|Any CPU.ActiveCfg = Debug|Any CPU
		{DBB0E530-1B82-4532-98D2-19ABE7057E46}.Debug|Any CPU.Build.0 = Debug|Any CPU
		{DBB0E530-1B82-4532-98D2-19ABE7057E46}.Release|Any CPU.ActiveCfg = Release|Any CPU
		{DBB0E530-1B82-4532-98D2-19ABE7057E46}.Release|Any CPU.Build.0 = Release|Any CPU
	EndGlobalSection
	GlobalSection(SolutionProperties) = preSolution
		HideSolutionNode = FALSE
	EndGlobalSection
	GlobalSection(ExtensibilityGlobals) = postSolution
		SolutionGuid = {FC1EF6AC-EEB1-4FF9-A656-6BAC3DDE1D9B}
	EndGlobalSection
EndGlobal
