
Microsoft Visual Studio Solution File, Format Version 12.00
# Visual Studio 15
VisualStudioVersion = 15.0.28010.2026
MinimumVisualStudioVersion = 10.0.40219.1
Project("{FAE04EC0-301F-11D3-BF4B-00C04F79EFBC}") = "tes2", "tes2\tes2.csproj", "{C488871C-08CB-4656-A7AB-0A35887508AF}"
EndProject
Global
	GlobalSection(SolutionConfigurationPlatforms) = preSolution
		Debug|Any CPU = Debug|Any CPU
		Release|Any CPU = Release|Any CPU
	EndGlobalSection
	GlobalSection(ProjectConfigurationPlatforms) = postSolution
		{C488871C-08CB-4656-A7AB-0A35887508AF}.Debug|Any CPU.ActiveCfg = Debug|Any CPU
		{C488871C-08CB-4656-A7AB-0A35887508AF}.Debug|Any CPU.Build.0 = Debug|Any CPU
		{C488871C-08CB-4656-A7AB-0A35887508AF}.Release|Any CPU.ActiveCfg = Release|Any CPU
		{C488871C-08CB-4656-A7AB-0A35887508AF}.Release|Any CPU.Build.0 = Release|Any CPU
	EndGlobalSection
	GlobalSection(SolutionProperties) = preSolution
		HideSolutionNode = FALSE
	EndGlobalSection
	GlobalSection(ExtensibilityGlobals) = postSolution
		SolutionGuid = {78CD3D13-AFBB-4292-BAC6-F15F004341D8}
	EndGlobalSection
EndGlobal
