
Microsoft Visual Studio Solution File, Format Version 12.00
# Visual Studio 15
VisualStudioVersion = 15.0.27428.2043
MinimumVisualStudioVersion = 10.0.40219.1
Project("{FAE04EC0-301F-11D3-BF4B-00C04F79EFBC}") = "SimpleForm", "SimpleForm\SimpleForm.csproj", "{DE9F8DD9-AA82-469C-81BE-C4AC773363F1}"
EndProject
Global
	GlobalSection(SolutionConfigurationPlatforms) = preSolution
		Debug|Any CPU = Debug|Any CPU
		Release|Any CPU = Release|Any CPU
	EndGlobalSection
	GlobalSection(ProjectConfigurationPlatforms) = postSolution
		{DE9F8DD9-AA82-469C-81BE-C4AC773363F1}.Debug|Any CPU.ActiveCfg = Debug|Any CPU
		{DE9F8DD9-AA82-469C-81BE-C4AC773363F1}.Debug|Any CPU.Build.0 = Debug|Any CPU
		{DE9F8DD9-AA82-469C-81BE-C4AC773363F1}.Release|Any CPU.ActiveCfg = Release|Any CPU
		{DE9F8DD9-AA82-469C-81BE-C4AC773363F1}.Release|Any CPU.Build.0 = Release|Any CPU
	EndGlobalSection
	GlobalSection(SolutionProperties) = preSolution
		HideSolutionNode = FALSE
	EndGlobalSection
	GlobalSection(ExtensibilityGlobals) = postSolution
		SolutionGuid = {770FF94C-8E3F-42CB-8FE5-2548362E1D42}
	EndGlobalSection
EndGlobal
