
Microsoft Visual Studio Solution File, Format Version 12.00
# Visual Studio 15
VisualStudioVersion = 15.0.27703.2026
MinimumVisualStudioVersion = 10.0.40219.1
Project("{FAE04EC0-301F-11D3-BF4B-00C04F79EFBC}") = "ConsoleApp8", "ConsoleApp8\ConsoleApp8.csproj", "{CA5BAF14-9C59-4501-87AD-696D9066148C}"
EndProject
Global
	GlobalSection(SolutionConfigurationPlatforms) = preSolution
		Debug|Any CPU = Debug|Any CPU
		Release|Any CPU = Release|Any CPU
	EndGlobalSection
	GlobalSection(ProjectConfigurationPlatforms) = postSolution
		{CA5BAF14-9C59-4501-87AD-696D9066148C}.Debug|Any CPU.ActiveCfg = Debug|Any CPU
		{CA5BAF14-9C59-4501-87AD-696D9066148C}.Debug|Any CPU.Build.0 = Debug|Any CPU
		{CA5BAF14-9C59-4501-87AD-696D9066148C}.Release|Any CPU.ActiveCfg = Release|Any CPU
		{CA5BAF14-9C59-4501-87AD-696D9066148C}.Release|Any CPU.Build.0 = Release|Any CPU
	EndGlobalSection
	GlobalSection(SolutionProperties) = preSolution
		HideSolutionNode = FALSE
	EndGlobalSection
	GlobalSection(ExtensibilityGlobals) = postSolution
		SolutionGuid = {63812920-07EB-43AE-9045-9629CF235AA2}
	EndGlobalSection
EndGlobal
