
Microsoft Visual Studio Solution File, Format Version 12.00
# Visual Studio 15
VisualStudioVersion = 15.0.27703.2026
MinimumVisualStudioVersion = 10.0.40219.1
Project("{FAE04EC0-301F-11D3-BF4B-00C04F79EFBC}") = "PassParameters", "PassParameters\PassParameters.csproj", "{C053E026-370E-4F10-B09B-D9380E2DC666}"
EndProject
Global
	GlobalSection(SolutionConfigurationPlatforms) = preSolution
		Debug|Any CPU = Debug|Any CPU
		Release|Any CPU = Release|Any CPU
	EndGlobalSection
	GlobalSection(ProjectConfigurationPlatforms) = postSolution
		{C053E026-370E-4F10-B09B-D9380E2DC666}.Debug|Any CPU.ActiveCfg = Debug|Any CPU
		{C053E026-370E-4F10-B09B-D9380E2DC666}.Debug|Any CPU.Build.0 = Debug|Any CPU
		{C053E026-370E-4F10-B09B-D9380E2DC666}.Release|Any CPU.ActiveCfg = Release|Any CPU
		{C053E026-370E-4F10-B09B-D9380E2DC666}.Release|Any CPU.Build.0 = Release|Any CPU
	EndGlobalSection
	GlobalSection(SolutionProperties) = preSolution
		HideSolutionNode = FALSE
	EndGlobalSection
	GlobalSection(ExtensibilityGlobals) = postSolution
		SolutionGuid = {3617CB4B-1359-451D-BC7B-11B5121676A9}
	EndGlobalSection
EndGlobal
