
Microsoft Visual Studio Solution File, Format Version 12.00
# Visual Studio 15
VisualStudioVersion = 15.0.27703.2026
MinimumVisualStudioVersion = 10.0.40219.1
Project("{FAE04EC0-301F-11D3-BF4B-00C04F79EFBC}") = "ConsoleApp16", "ConsoleApp16\ConsoleApp16.csproj", "{81526C81-64CB-4B91-BF18-1EE429E4754E}"
EndProject
Global
	GlobalSection(SolutionConfigurationPlatforms) = preSolution
		Debug|Any CPU = Debug|Any CPU
		Release|Any CPU = Release|Any CPU
	EndGlobalSection
	GlobalSection(ProjectConfigurationPlatforms) = postSolution
		{81526C81-64CB-4B91-BF18-1EE429E4754E}.Debug|Any CPU.ActiveCfg = Debug|Any CPU
		{81526C81-64CB-4B91-BF18-1EE429E4754E}.Debug|Any CPU.Build.0 = Debug|Any CPU
		{81526C81-64CB-4B91-BF18-1EE429E4754E}.Release|Any CPU.ActiveCfg = Release|Any CPU
		{81526C81-64CB-4B91-BF18-1EE429E4754E}.Release|Any CPU.Build.0 = Release|Any CPU
	EndGlobalSection
	GlobalSection(SolutionProperties) = preSolution
		HideSolutionNode = FALSE
	EndGlobalSection
	GlobalSection(ExtensibilityGlobals) = postSolution
		SolutionGuid = {D1A376A1-E11E-40D9-A31E-12A4596C733E}
	EndGlobalSection
EndGlobal
