
Microsoft Visual Studio Solution File, Format Version 12.00
# Visual Studio 15
VisualStudioVersion = 15.0.27703.2026
MinimumVisualStudioVersion = 10.0.40219.1
Project("{FAE04EC0-301F-11D3-BF4B-00C04F79EFBC}") = "SwapNeighbourChar", "SwapNeighbourChar\SwapNeighbourChar.csproj", "{660251B7-FE41-4AE3-A6DE-85E720390F18}"
EndProject
Project("{FAE04EC0-301F-11D3-BF4B-00C04F79EFBC}") = "SwapChar", "SwapChar\SwapChar.csproj", "{49C797F1-3F45-412F-9D05-6BD1650D6C5B}"
EndProject
Global
	GlobalSection(SolutionConfigurationPlatforms) = preSolution
		Debug|Any CPU = Debug|Any CPU
		Release|Any CPU = Release|Any CPU
	EndGlobalSection
	GlobalSection(ProjectConfigurationPlatforms) = postSolution
		{660251B7-FE41-4AE3-A6DE-85E720390F18}.Debug|Any CPU.ActiveCfg = Debug|Any CPU
		{660251B7-FE41-4AE3-A6DE-85E720390F18}.Debug|Any CPU.Build.0 = Debug|Any CPU
		{660251B7-FE41-4AE3-A6DE-85E720390F18}.Release|Any CPU.ActiveCfg = Release|Any CPU
		{660251B7-FE41-4AE3-A6DE-85E720390F18}.Release|Any CPU.Build.0 = Release|Any CPU
		{49C797F1-3F45-412F-9D05-6BD1650D6C5B}.Debug|Any CPU.ActiveCfg = Debug|Any CPU
		{49C797F1-3F45-412F-9D05-6BD1650D6C5B}.Debug|Any CPU.Build.0 = Debug|Any CPU
		{49C797F1-3F45-412F-9D05-6BD1650D6C5B}.Release|Any CPU.ActiveCfg = Release|Any CPU
		{49C797F1-3F45-412F-9D05-6BD1650D6C5B}.Release|Any CPU.Build.0 = Release|Any CPU
	EndGlobalSection
	GlobalSection(SolutionProperties) = preSolution
		HideSolutionNode = FALSE
	EndGlobalSection
	GlobalSection(ExtensibilityGlobals) = postSolution
		SolutionGuid = {DAF1BEE0-B15F-47C4-BEE3-C66AB00EC4EA}
	EndGlobalSection
EndGlobal
