
Microsoft Visual Studio Solution File, Format Version 12.00
# Visual Studio 15
VisualStudioVersion = 15.0.28010.2026
MinimumVisualStudioVersion = 10.0.40219.1
Project("{FAE04EC0-301F-11D3-BF4B-00C04F79EFBC}") = "AdvanceCSharp", "AdvanceCSharp\AdvanceCSharp.csproj", "{D94EF467-8EF9-4563-9533-73D4BD19EE71}"
EndProject
Global
	GlobalSection(SolutionConfigurationPlatforms) = preSolution
		Debug|Any CPU = Debug|Any CPU
		Release|Any CPU = Release|Any CPU
	EndGlobalSection
	GlobalSection(ProjectConfigurationPlatforms) = postSolution
		{D94EF467-8EF9-4563-9533-73D4BD19EE71}.Debug|Any CPU.ActiveCfg = Debug|Any CPU
		{D94EF467-8EF9-4563-9533-73D4BD19EE71}.Debug|Any CPU.Build.0 = Debug|Any CPU
		{D94EF467-8EF9-4563-9533-73D4BD19EE71}.Release|Any CPU.ActiveCfg = Release|Any CPU
		{D94EF467-8EF9-4563-9533-73D4BD19EE71}.Release|Any CPU.Build.0 = Release|Any CPU
	EndGlobalSection
	GlobalSection(SolutionProperties) = preSolution
		HideSolutionNode = FALSE
	EndGlobalSection
	GlobalSection(ExtensibilityGlobals) = postSolution
		SolutionGuid = {386465B7-E127-4D25-8EF4-233A177ABF55}
	EndGlobalSection
EndGlobal
