
Microsoft Visual Studio Solution File, Format Version 12.00
# Visual Studio 15
VisualStudioVersion = 15.0.27703.2026
MinimumVisualStudioVersion = 10.0.40219.1
Project("{FAE04EC0-301F-11D3-BF4B-00C04F79EFBC}") = "databaseFirstManyToM", "databaseFirstManyToM\databaseFirstManyToM.csproj", "{351C2282-F003-46F1-B8E8-BBB8B13D6B2F}"
EndProject
Global
	GlobalSection(SolutionConfigurationPlatforms) = preSolution
		Debug|Any CPU = Debug|Any CPU
		Release|Any CPU = Release|Any CPU
	EndGlobalSection
	GlobalSection(ProjectConfigurationPlatforms) = postSolution
		{351C2282-F003-46F1-B8E8-BBB8B13D6B2F}.Debug|Any CPU.ActiveCfg = Debug|Any CPU
		{351C2282-F003-46F1-B8E8-BBB8B13D6B2F}.Debug|Any CPU.Build.0 = Debug|Any CPU
		{351C2282-F003-46F1-B8E8-BBB8B13D6B2F}.Release|Any CPU.ActiveCfg = Release|Any CPU
		{351C2282-F003-46F1-B8E8-BBB8B13D6B2F}.Release|Any CPU.Build.0 = Release|Any CPU
	EndGlobalSection
	GlobalSection(SolutionProperties) = preSolution
		HideSolutionNode = FALSE
	EndGlobalSection
	GlobalSection(ExtensibilityGlobals) = postSolution
		SolutionGuid = {37B28839-9BC7-4FF5-A51B-C1E0940300EE}
	EndGlobalSection
EndGlobal
