
Microsoft Visual Studio Solution File, Format Version 12.00
# Visual Studio 15
VisualStudioVersion = 15.0.28010.2026
MinimumVisualStudioVersion = 10.0.40219.1
Project("{FAE04EC0-301F-11D3-BF4B-00C04F79EFBC}") = "WeatherConsoleApp", "WeatherConsoleApp\WeatherConsoleApp.csproj", "{CF516700-BDB5-4688-9BEB-808FE83D5B55}"
EndProject
Global
	GlobalSection(SolutionConfigurationPlatforms) = preSolution
		Debug|Any CPU = Debug|Any CPU
		Release|Any CPU = Release|Any CPU
	EndGlobalSection
	GlobalSection(ProjectConfigurationPlatforms) = postSolution
		{CF516700-BDB5-4688-9BEB-808FE83D5B55}.Debug|Any CPU.ActiveCfg = Debug|Any CPU
		{CF516700-BDB5-4688-9BEB-808FE83D5B55}.Debug|Any CPU.Build.0 = Debug|Any CPU
		{CF516700-BDB5-4688-9BEB-808FE83D5B55}.Release|Any CPU.ActiveCfg = Release|Any CPU
		{CF516700-BDB5-4688-9BEB-808FE83D5B55}.Release|Any CPU.Build.0 = Release|Any CPU
	EndGlobalSection
	GlobalSection(SolutionProperties) = preSolution
		HideSolutionNode = FALSE
	EndGlobalSection
	GlobalSection(ExtensibilityGlobals) = postSolution
		SolutionGuid = {38241078-4EDF-4BA7-A22D-7EFACE075F07}
	EndGlobalSection
EndGlobal
