
Microsoft Visual Studio Solution File, Format Version 12.00
# Visual Studio 15
VisualStudioVersion = 15.0.27703.2026
MinimumVisualStudioVersion = 10.0.40219.1
Project("{FAE04EC0-301F-11D3-BF4B-00C04F79EFBC}") = "WebApi", "WebApi\WebApi.csproj", "{089DBD32-9A23-4DD4-9F6F-03B7CB74893E}"
EndProject
Global
	GlobalSection(SolutionConfigurationPlatforms) = preSolution
		Debug|Any CPU = Debug|Any CPU
		Release|Any CPU = Release|Any CPU
	EndGlobalSection
	GlobalSection(ProjectConfigurationPlatforms) = postSolution
		{089DBD32-9A23-4DD4-9F6F-03B7CB74893E}.Debug|Any CPU.ActiveCfg = Debug|Any CPU
		{089DBD32-9A23-4DD4-9F6F-03B7CB74893E}.Debug|Any CPU.Build.0 = Debug|Any CPU
		{089DBD32-9A23-4DD4-9F6F-03B7CB74893E}.Release|Any CPU.ActiveCfg = Release|Any CPU
		{089DBD32-9A23-4DD4-9F6F-03B7CB74893E}.Release|Any CPU.Build.0 = Release|Any CPU
	EndGlobalSection
	GlobalSection(SolutionProperties) = preSolution
		HideSolutionNode = FALSE
	EndGlobalSection
	GlobalSection(ExtensibilityGlobals) = postSolution
		SolutionGuid = {ED55B263-E283-4573-A0AA-94F9216D7B19}
	EndGlobalSection
EndGlobal
