
Microsoft Visual Studio Solution File, Format Version 12.00
# Visual Studio 15
VisualStudioVersion = 15.0.28010.2026
MinimumVisualStudioVersion = 10.0.40219.1
Project("{FAE04EC0-301F-11D3-BF4B-00C04F79EFBC}") = "WebAPIdemo1", "WebAPIdemo1\WebAPIdemo1.csproj", "{30904E15-F3D3-41A1-8D3A-7E1D73A26AAE}"
EndProject
Project("{FAE04EC0-301F-11D3-BF4B-00C04F79EFBC}") = "DataCOnnect", "DataCOnnect\DataCOnnect.csproj", "{4867515E-2421-4BC4-AE16-3C048DF4A5E8}"
EndProject
Project("{FAE04EC0-301F-11D3-BF4B-00C04F79EFBC}") = "ClientApplication", "ClientApplication\ClientApplication.csproj", "{B3D299ED-82C0-4A79-AAF3-9F5062BB077E}"
EndProject
Global
	GlobalSection(SolutionConfigurationPlatforms) = preSolution
		Debug|Any CPU = Debug|Any CPU
		Release|Any CPU = Release|Any CPU
	EndGlobalSection
	GlobalSection(ProjectConfigurationPlatforms) = postSolution
		{30904E15-F3D3-41A1-8D3A-7E1D73A26AAE}.Debug|Any CPU.ActiveCfg = Debug|Any CPU
		{30904E15-F3D3-41A1-8D3A-7E1D73A26AAE}.Debug|Any CPU.Build.0 = Debug|Any CPU
		{30904E15-F3D3-41A1-8D3A-7E1D73A26AAE}.Release|Any CPU.ActiveCfg = Release|Any CPU
		{30904E15-F3D3-41A1-8D3A-7E1D73A26AAE}.Release|Any CPU.Build.0 = Release|Any CPU
		{4867515E-2421-4BC4-AE16-3C048DF4A5E8}.Debug|Any CPU.ActiveCfg = Debug|Any CPU
		{4867515E-2421-4BC4-AE16-3C048DF4A5E8}.Debug|Any CPU.Build.0 = Debug|Any CPU
		{4867515E-2421-4BC4-AE16-3C048DF4A5E8}.Release|Any CPU.ActiveCfg = Release|Any CPU
		{4867515E-2421-4BC4-AE16-3C048DF4A5E8}.Release|Any CPU.Build.0 = Release|Any CPU
		{B3D299ED-82C0-4A79-AAF3-9F5062BB077E}.Debug|Any CPU.ActiveCfg = Debug|Any CPU
		{B3D299ED-82C0-4A79-AAF3-9F5062BB077E}.Debug|Any CPU.Build.0 = Debug|Any CPU
		{B3D299ED-82C0-4A79-AAF3-9F5062BB077E}.Release|Any CPU.ActiveCfg = Release|Any CPU
		{B3D299ED-82C0-4A79-AAF3-9F5062BB077E}.Release|Any CPU.Build.0 = Release|Any CPU
	EndGlobalSection
	GlobalSection(SolutionProperties) = preSolution
		HideSolutionNode = FALSE
	EndGlobalSection
	GlobalSection(ExtensibilityGlobals) = postSolution
		SolutionGuid = {C694AAA0-A076-4D26-B364-5E21EDC0F5FF}
	EndGlobalSection
EndGlobal
