
Microsoft Visual Studio Solution File, Format Version 12.00
# Visual Studio 15
VisualStudioVersion = 15.0.27703.2026
MinimumVisualStudioVersion = 10.0.40219.1
Project("{FAE04EC0-301F-11D3-BF4B-00C04F79EFBC}") = "WebApplication11practiceTwo", "WebApplication11practiceTwo\WebApplication11practiceTwo.csproj", "{F793E851-4609-4120-AFB7-0691A6237C1B}"
EndProject
Global
	GlobalSection(SolutionConfigurationPlatforms) = preSolution
		Debug|Any CPU = Debug|Any CPU
		Release|Any CPU = Release|Any CPU
	EndGlobalSection
	GlobalSection(ProjectConfigurationPlatforms) = postSolution
		{F793E851-4609-4120-AFB7-0691A6237C1B}.Debug|Any CPU.ActiveCfg = Debug|Any CPU
		{F793E851-4609-4120-AFB7-0691A6237C1B}.Debug|Any CPU.Build.0 = Debug|Any CPU
		{F793E851-4609-4120-AFB7-0691A6237C1B}.Release|Any CPU.ActiveCfg = Release|Any CPU
		{F793E851-4609-4120-AFB7-0691A6237C1B}.Release|Any CPU.Build.0 = Release|Any CPU
	EndGlobalSection
	GlobalSection(SolutionProperties) = preSolution
		HideSolutionNode = FALSE
	EndGlobalSection
	GlobalSection(ExtensibilityGlobals) = postSolution
		SolutionGuid = {33A458F6-D841-42DB-B031-142C34596D4B}
	EndGlobalSection
EndGlobal
