
Microsoft Visual Studio Solution File, Format Version 12.00
# Visual Studio 15
VisualStudioVersion = 15.0.27703.2026
MinimumVisualStudioVersion = 10.0.40219.1
Project("{FAE04EC0-301F-11D3-BF4B-00C04F79EFBC}") = "codeFirstStiredProcedureInsertUpdate", "codeFirstStiredProcedureInsertUpdate\codeFirstStiredProcedureInsertUpdate.csproj", "{A3DCA5CC-6818-4544-8D7D-74D509723165}"
EndProject
Global
	GlobalSection(SolutionConfigurationPlatforms) = preSolution
		Debug|Any CPU = Debug|Any CPU
		Release|Any CPU = Release|Any CPU
	EndGlobalSection
	GlobalSection(ProjectConfigurationPlatforms) = postSolution
		{A3DCA5CC-6818-4544-8D7D-74D509723165}.Debug|Any CPU.ActiveCfg = Debug|Any CPU
		{A3DCA5CC-6818-4544-8D7D-74D509723165}.Debug|Any CPU.Build.0 = Debug|Any CPU
		{A3DCA5CC-6818-4544-8D7D-74D509723165}.Release|Any CPU.ActiveCfg = Release|Any CPU
		{A3DCA5CC-6818-4544-8D7D-74D509723165}.Release|Any CPU.Build.0 = Release|Any CPU
	EndGlobalSection
	GlobalSection(SolutionProperties) = preSolution
		HideSolutionNode = FALSE
	EndGlobalSection
	GlobalSection(ExtensibilityGlobals) = postSolution
		SolutionGuid = {3E5800CA-8C38-41D8-B231-9305103F963E}
	EndGlobalSection
EndGlobal
