
Microsoft Visual Studio Solution File, Format Version 12.00
# Visual Studio 15
VisualStudioVersion = 15.0.27703.2026
MinimumVisualStudioVersion = 10.0.40219.1
Project("{FAE04EC0-301F-11D3-BF4B-00C04F79EFBC}") = "MVCpractice", "MVCpractice\MVCpractice.csproj", "{406A069C-88FF-4D47-AE31-37F7433EDB7B}"
EndProject
Global
	GlobalSection(SolutionConfigurationPlatforms) = preSolution
		Debug|Any CPU = Debug|Any CPU
		Release|Any CPU = Release|Any CPU
	EndGlobalSection
	GlobalSection(ProjectConfigurationPlatforms) = postSolution
		{406A069C-88FF-4D47-AE31-37F7433EDB7B}.Debug|Any CPU.ActiveCfg = Debug|Any CPU
		{406A069C-88FF-4D47-AE31-37F7433EDB7B}.Debug|Any CPU.Build.0 = Debug|Any CPU
		{406A069C-88FF-4D47-AE31-37F7433EDB7B}.Release|Any CPU.ActiveCfg = Release|Any CPU
		{406A069C-88FF-4D47-AE31-37F7433EDB7B}.Release|Any CPU.Build.0 = Release|Any CPU
	EndGlobalSection
	GlobalSection(SolutionProperties) = preSolution
		HideSolutionNode = FALSE
	EndGlobalSection
	GlobalSection(ExtensibilityGlobals) = postSolution
		SolutionGuid = {DAF2E29E-C0F2-4532-ABFC-07FEAAF8CF12}
	EndGlobalSection
EndGlobal
