
Microsoft Visual Studio Solution File, Format Version 12.00
# Visual Studio 15
VisualStudioVersion = 15.0.28010.2026
MinimumVisualStudioVersion = 10.0.40219.1
Project("{FAE04EC0-301F-11D3-BF4B-00C04F79EFBC}") = "angular", "angular\angular.csproj", "{E4D9C6B5-C790-48BE-B428-E5D16118E76D}"
EndProject
Project("{FAE04EC0-301F-11D3-BF4B-00C04F79EFBC}") = "EmployeeWebService", "EmployeeWebService\EmployeeWebService.csproj", "{88356EB3-45F4-447C-8DB1-0C3641089EEB}"
EndProject
Global
	GlobalSection(SolutionConfigurationPlatforms) = preSolution
		Debug|Any CPU = Debug|Any CPU
		Release|Any CPU = Release|Any CPU
	EndGlobalSection
	GlobalSection(ProjectConfigurationPlatforms) = postSolution
		{E4D9C6B5-C790-48BE-B428-E5D16118E76D}.Debug|Any CPU.ActiveCfg = Debug|Any CPU
		{E4D9C6B5-C790-48BE-B428-E5D16118E76D}.Debug|Any CPU.Build.0 = Debug|Any CPU
		{E4D9C6B5-C790-48BE-B428-E5D16118E76D}.Release|Any CPU.ActiveCfg = Release|Any CPU
		{E4D9C6B5-C790-48BE-B428-E5D16118E76D}.Release|Any CPU.Build.0 = Release|Any CPU
		{88356EB3-45F4-447C-8DB1-0C3641089EEB}.Debug|Any CPU.ActiveCfg = Debug|Any CPU
		{88356EB3-45F4-447C-8DB1-0C3641089EEB}.Debug|Any CPU.Build.0 = Debug|Any CPU
		{88356EB3-45F4-447C-8DB1-0C3641089EEB}.Release|Any CPU.ActiveCfg = Release|Any CPU
		{88356EB3-45F4-447C-8DB1-0C3641089EEB}.Release|Any CPU.Build.0 = Release|Any CPU
	EndGlobalSection
	GlobalSection(SolutionProperties) = preSolution
		HideSolutionNode = FALSE
	EndGlobalSection
	GlobalSection(ExtensibilityGlobals) = postSolution
		SolutionGuid = {1EABB3AD-2E62-4E92-BCD0-4C89643BC356}
	EndGlobalSection
EndGlobal
