
Microsoft Visual Studio Solution File, Format Version 12.00
# Visual Studio 15
VisualStudioVersion = 15.0.27703.2026
MinimumVisualStudioVersion = 10.0.40219.1
Project("{FAE04EC0-301F-11D3-BF4B-00C04F79EFBC}") = "databaseFirstInsertUpdate", "databaseFirstInsertUpdate\databaseFirstInsertUpdate.csproj", "{AF20A621-83DB-4515-BCCE-6052D533F8E9}"
EndProject
Global
	GlobalSection(SolutionConfigurationPlatforms) = preSolution
		Debug|Any CPU = Debug|Any CPU
		Release|Any CPU = Release|Any CPU
	EndGlobalSection
	GlobalSection(ProjectConfigurationPlatforms) = postSolution
		{AF20A621-83DB-4515-BCCE-6052D533F8E9}.Debug|Any CPU.ActiveCfg = Debug|Any CPU
		{AF20A621-83DB-4515-BCCE-6052D533F8E9}.Debug|Any CPU.Build.0 = Debug|Any CPU
		{AF20A621-83DB-4515-BCCE-6052D533F8E9}.Release|Any CPU.ActiveCfg = Release|Any CPU
		{AF20A621-83DB-4515-BCCE-6052D533F8E9}.Release|Any CPU.Build.0 = Release|Any CPU
	EndGlobalSection
	GlobalSection(SolutionProperties) = preSolution
		HideSolutionNode = FALSE
	EndGlobalSection
	GlobalSection(ExtensibilityGlobals) = postSolution
		SolutionGuid = {EF411AA5-CAC0-42A4-AA16-58E9BB1CD8C2}
	EndGlobalSection
EndGlobal
