
Microsoft Visual Studio Solution File, Format Version 12.00
# Visual Studio 15
VisualStudioVersion = 15.0.27703.2026
MinimumVisualStudioVersion = 10.0.40219.1
Project("{FAE04EC0-301F-11D3-BF4B-00C04F79EFBC}") = "ConsoleApp14", "ConsoleApp14\ConsoleApp14.csproj", "{F49696B2-E21C-48DF-ABD2-19B4F650A69F}"
EndProject
Global
	GlobalSection(SolutionConfigurationPlatforms) = preSolution
		Debug|Any CPU = Debug|Any CPU
		Release|Any CPU = Release|Any CPU
	EndGlobalSection
	GlobalSection(ProjectConfigurationPlatforms) = postSolution
		{F49696B2-E21C-48DF-ABD2-19B4F650A69F}.Debug|Any CPU.ActiveCfg = Debug|Any CPU
		{F49696B2-E21C-48DF-ABD2-19B4F650A69F}.Debug|Any CPU.Build.0 = Debug|Any CPU
		{F49696B2-E21C-48DF-ABD2-19B4F650A69F}.Release|Any CPU.ActiveCfg = Release|Any CPU
		{F49696B2-E21C-48DF-ABD2-19B4F650A69F}.Release|Any CPU.Build.0 = Release|Any CPU
	EndGlobalSection
	GlobalSection(SolutionProperties) = preSolution
		HideSolutionNode = FALSE
	EndGlobalSection
	GlobalSection(ExtensibilityGlobals) = postSolution
		SolutionGuid = {7926953A-F874-41BF-AB92-CAFF96E4A7F1}
	EndGlobalSection
EndGlobal
