
Microsoft Visual Studio Solution File, Format Version 12.00
# Visual Studio 15
VisualStudioVersion = 15.0.27428.2043
MinimumVisualStudioVersion = 10.0.40219.1
Project("{FAE04EC0-301F-11D3-BF4B-00C04F79EFBC}") = "FirstWApplication", "FirstWApplication\FirstWApplication.csproj", "{993F5907-0319-41B4-85CD-EC076CCDB271}"
EndProject
Global
	GlobalSection(SolutionConfigurationPlatforms) = preSolution
		Debug|Any CPU = Debug|Any CPU
		Release|Any CPU = Release|Any CPU
	EndGlobalSection
	GlobalSection(ProjectConfigurationPlatforms) = postSolution
		{993F5907-0319-41B4-85CD-EC076CCDB271}.Debug|Any CPU.ActiveCfg = Debug|Any CPU
		{993F5907-0319-41B4-85CD-EC076CCDB271}.Debug|Any CPU.Build.0 = Debug|Any CPU
		{993F5907-0319-41B4-85CD-EC076CCDB271}.Release|Any CPU.ActiveCfg = Release|Any CPU
		{993F5907-0319-41B4-85CD-EC076CCDB271}.Release|Any CPU.Build.0 = Release|Any CPU
	EndGlobalSection
	GlobalSection(SolutionProperties) = preSolution
		HideSolutionNode = FALSE
	EndGlobalSection
	GlobalSection(ExtensibilityGlobals) = postSolution
		SolutionGuid = {97C53AA3-BD96-4483-9170-E1137F41B59B}
	EndGlobalSection
EndGlobal
