
Microsoft Visual Studio Solution File, Format Version 12.00
# Visual Studio 15
VisualStudioVersion = 15.0.27703.2026
MinimumVisualStudioVersion = 10.0.40219.1
Project("{FAE04EC0-301F-11D3-BF4B-00C04F79EFBC}") = "MvcErrorH", "MvcErrorH\MvcErrorH.csproj", "{499078FD-D2AB-4203-A4AF-4364BACB7A5B}"
EndProject
Global
	GlobalSection(SolutionConfigurationPlatforms) = preSolution
		Debug|Any CPU = Debug|Any CPU
		Release|Any CPU = Release|Any CPU
	EndGlobalSection
	GlobalSection(ProjectConfigurationPlatforms) = postSolution
		{499078FD-D2AB-4203-A4AF-4364BACB7A5B}.Debug|Any CPU.ActiveCfg = Debug|Any CPU
		{499078FD-D2AB-4203-A4AF-4364BACB7A5B}.Debug|Any CPU.Build.0 = Debug|Any CPU
		{499078FD-D2AB-4203-A4AF-4364BACB7A5B}.Release|Any CPU.ActiveCfg = Release|Any CPU
		{499078FD-D2AB-4203-A4AF-4364BACB7A5B}.Release|Any CPU.Build.0 = Release|Any CPU
	EndGlobalSection
	GlobalSection(SolutionProperties) = preSolution
		HideSolutionNode = FALSE
	EndGlobalSection
	GlobalSection(ExtensibilityGlobals) = postSolution
		SolutionGuid = {49A23254-FE56-4AE2-BDBE-C428E235B858}
	EndGlobalSection
EndGlobal
