
Microsoft Visual Studio Solution File, Format Version 12.00
# Visual Studio 15
VisualStudioVersion = 15.0.27428.2043
MinimumVisualStudioVersion = 10.0.40219.1
Project("{FAE04EC0-301F-11D3-BF4B-00C04F79EFBC}") = "PropPractice2", "PropPractice2\PropPractice2.csproj", "{6DCA8C19-C3DC-463F-AF15-EB33EAB7E312}"
EndProject
Global
	GlobalSection(SolutionConfigurationPlatforms) = preSolution
		Debug|Any CPU = Debug|Any CPU
		Release|Any CPU = Release|Any CPU
	EndGlobalSection
	GlobalSection(ProjectConfigurationPlatforms) = postSolution
		{6DCA8C19-C3DC-463F-AF15-EB33EAB7E312}.Debug|Any CPU.ActiveCfg = Debug|Any CPU
		{6DCA8C19-C3DC-463F-AF15-EB33EAB7E312}.Debug|Any CPU.Build.0 = Debug|Any CPU
		{6DCA8C19-C3DC-463F-AF15-EB33EAB7E312}.Release|Any CPU.ActiveCfg = Release|Any CPU
		{6DCA8C19-C3DC-463F-AF15-EB33EAB7E312}.Release|Any CPU.Build.0 = Release|Any CPU
	EndGlobalSection
	GlobalSection(SolutionProperties) = preSolution
		HideSolutionNode = FALSE
	EndGlobalSection
	GlobalSection(ExtensibilityGlobals) = postSolution
		SolutionGuid = {C199FC1C-48A2-4377-B29D-72D6007C461F}
	EndGlobalSection
EndGlobal
