
Microsoft Visual Studio Solution File, Format Version 12.00
# Visual Studio 15
VisualStudioVersion = 15.0.28010.2026
MinimumVisualStudioVersion = 10.0.40219.1
Project("{FAE04EC0-301F-11D3-BF4B-00C04F79EFBC}") = "webapitest", "webapitest\webapitest.csproj", "{0CEA04A6-BF16-4331-94F6-C38B997634F0}"
EndProject
Project("{FAE04EC0-301F-11D3-BF4B-00C04F79EFBC}") = "EmployeeDataAcces", "EmployeeDataAcces\EmployeeDataAcces.csproj", "{82FCDB5E-120B-42E2-9E77-7C775E11E131}"
EndProject
Global
	GlobalSection(SolutionConfigurationPlatforms) = preSolution
		Debug|Any CPU = Debug|Any CPU
		Release|Any CPU = Release|Any CPU
	EndGlobalSection
	GlobalSection(ProjectConfigurationPlatforms) = postSolution
		{0CEA04A6-BF16-4331-94F6-C38B997634F0}.Debug|Any CPU.ActiveCfg = Debug|Any CPU
		{0CEA04A6-BF16-4331-94F6-C38B997634F0}.Debug|Any CPU.Build.0 = Debug|Any CPU
		{0CEA04A6-BF16-4331-94F6-C38B997634F0}.Release|Any CPU.ActiveCfg = Release|Any CPU
		{0CEA04A6-BF16-4331-94F6-C38B997634F0}.Release|Any CPU.Build.0 = Release|Any CPU
		{82FCDB5E-120B-42E2-9E77-7C775E11E131}.Debug|Any CPU.ActiveCfg = Debug|Any CPU
		{82FCDB5E-120B-42E2-9E77-7C775E11E131}.Debug|Any CPU.Build.0 = Debug|Any CPU
		{82FCDB5E-120B-42E2-9E77-7C775E11E131}.Release|Any CPU.ActiveCfg = Release|Any CPU
		{82FCDB5E-120B-42E2-9E77-7C775E11E131}.Release|Any CPU.Build.0 = Release|Any CPU
	EndGlobalSection
	GlobalSection(SolutionProperties) = preSolution
		HideSolutionNode = FALSE
	EndGlobalSection
	GlobalSection(ExtensibilityGlobals) = postSolution
		SolutionGuid = {0939EDE5-7EFF-4B5C-A701-CBD6967C3025}
	EndGlobalSection
EndGlobal
