
Microsoft Visual Studio Solution File, Format Version 12.00
# Visual Studio 15
VisualStudioVersion = 15.0.27703.2026
MinimumVisualStudioVersion = 10.0.40219.1
Project("{FAE04EC0-301F-11D3-BF4B-00C04F79EFBC}") = "webserviceangularUentity", "webserviceangularUentity\webserviceangularUentity.csproj", "{2615D7FE-31BA-4586-97A5-DE06FA27E771}"
EndProject
Global
	GlobalSection(SolutionConfigurationPlatforms) = preSolution
		Debug|Any CPU = Debug|Any CPU
		Release|Any CPU = Release|Any CPU
	EndGlobalSection
	GlobalSection(ProjectConfigurationPlatforms) = postSolution
		{2615D7FE-31BA-4586-97A5-DE06FA27E771}.Debug|Any CPU.ActiveCfg = Debug|Any CPU
		{2615D7FE-31BA-4586-97A5-DE06FA27E771}.Debug|Any CPU.Build.0 = Debug|Any CPU
		{2615D7FE-31BA-4586-97A5-DE06FA27E771}.Release|Any CPU.ActiveCfg = Release|Any CPU
		{2615D7FE-31BA-4586-97A5-DE06FA27E771}.Release|Any CPU.Build.0 = Release|Any CPU
	EndGlobalSection
	GlobalSection(SolutionProperties) = preSolution
		HideSolutionNode = FALSE
	EndGlobalSection
	GlobalSection(ExtensibilityGlobals) = postSolution
		SolutionGuid = {C891A25B-1A75-4EDF-99C6-1DC51D05F089}
	EndGlobalSection
EndGlobal
