
Microsoft Visual Studio Solution File, Format Version 12.00
# Visual Studio 15
VisualStudioVersion = 15.0.27703.2026
MinimumVisualStudioVersion = 10.0.40219.1
Project("{FAE04EC0-301F-11D3-BF4B-00C04F79EFBC}") = "ProjPractice 1", "ProjPractice 1\ProjPractice 1.csproj", "{D2AC0EB0-D0B9-4B97-B8E1-63C24F60B29A}"
EndProject
Global
	GlobalSection(SolutionConfigurationPlatforms) = preSolution
		Debug|Any CPU = Debug|Any CPU
		Release|Any CPU = Release|Any CPU
	EndGlobalSection
	GlobalSection(ProjectConfigurationPlatforms) = postSolution
		{D2AC0EB0-D0B9-4B97-B8E1-63C24F60B29A}.Debug|Any CPU.ActiveCfg = Debug|Any CPU
		{D2AC0EB0-D0B9-4B97-B8E1-63C24F60B29A}.Debug|Any CPU.Build.0 = Debug|Any CPU
		{D2AC0EB0-D0B9-4B97-B8E1-63C24F60B29A}.Release|Any CPU.ActiveCfg = Release|Any CPU
		{D2AC0EB0-D0B9-4B97-B8E1-63C24F60B29A}.Release|Any CPU.Build.0 = Release|Any CPU
	EndGlobalSection
	GlobalSection(SolutionProperties) = preSolution
		HideSolutionNode = FALSE
	EndGlobalSection
	GlobalSection(ExtensibilityGlobals) = postSolution
		SolutionGuid = {B39A480A-A795-4A53-82A1-A81335F312A6}
	EndGlobalSection
EndGlobal
