
Microsoft Visual Studio Solution File, Format Version 12.00
# Visual Studio 15
VisualStudioVersion = 15.0.28010.2026
MinimumVisualStudioVersion = 10.0.40219.1
Project("{FAE04EC0-301F-11D3-BF4B-00C04F79EFBC}") = "WebApplication28", "WebApplication28\WebApplication28.csproj", "{E74A8D4C-0696-4B1C-9D28-43C8D61BC6DF}"
EndProject
Global
	GlobalSection(SolutionConfigurationPlatforms) = preSolution
		Debug|Any CPU = Debug|Any CPU
		Release|Any CPU = Release|Any CPU
	EndGlobalSection
	GlobalSection(ProjectConfigurationPlatforms) = postSolution
		{E74A8D4C-0696-4B1C-9D28-43C8D61BC6DF}.Debug|Any CPU.ActiveCfg = Debug|Any CPU
		{E74A8D4C-0696-4B1C-9D28-43C8D61BC6DF}.Debug|Any CPU.Build.0 = Debug|Any CPU
		{E74A8D4C-0696-4B1C-9D28-43C8D61BC6DF}.Release|Any CPU.ActiveCfg = Release|Any CPU
		{E74A8D4C-0696-4B1C-9D28-43C8D61BC6DF}.Release|Any CPU.Build.0 = Release|Any CPU
	EndGlobalSection
	GlobalSection(SolutionProperties) = preSolution
		HideSolutionNode = FALSE
	EndGlobalSection
	GlobalSection(ExtensibilityGlobals) = postSolution
		SolutionGuid = {1B3378E1-2DC4-4A13-AFE0-3E81E6798A53}
	EndGlobalSection
EndGlobal
