
Microsoft Visual Studio Solution File, Format Version 12.00
# Visual Studio 15
VisualStudioVersion = 15.0.27428.2043
MinimumVisualStudioVersion = 10.0.40219.1
Project("{FAE04EC0-301F-11D3-BF4B-00C04F79EFBC}") = "test 2", "test 2\test 2.csproj", "{5A8D53D5-CCB5-4DE4-93F4-147C6E5FCC2F}"
EndProject
Global
	GlobalSection(SolutionConfigurationPlatforms) = preSolution
		Debug|Any CPU = Debug|Any CPU
		Release|Any CPU = Release|Any CPU
	EndGlobalSection
	GlobalSection(ProjectConfigurationPlatforms) = postSolution
		{5A8D53D5-CCB5-4DE4-93F4-147C6E5FCC2F}.Debug|Any CPU.ActiveCfg = Debug|Any CPU
		{5A8D53D5-CCB5-4DE4-93F4-147C6E5FCC2F}.Debug|Any CPU.Build.0 = Debug|Any CPU
		{5A8D53D5-CCB5-4DE4-93F4-147C6E5FCC2F}.Release|Any CPU.ActiveCfg = Release|Any CPU
		{5A8D53D5-CCB5-4DE4-93F4-147C6E5FCC2F}.Release|Any CPU.Build.0 = Release|Any CPU
	EndGlobalSection
	GlobalSection(SolutionProperties) = preSolution
		HideSolutionNode = FALSE
	EndGlobalSection
	GlobalSection(ExtensibilityGlobals) = postSolution
		SolutionGuid = {046FC317-8B18-4D09-9990-42FB76EA7131}
	EndGlobalSection
EndGlobal
